
Microsoft Visual Studio Solution File, Format Version 12.00
# Visual Studio Version 17
VisualStudioVersion = 17.0.31903.59
MinimumVisualStudioVersion = 10.0.40219.1
Project("{FAE04EC0-301F-11D3-BF4B-00C04F79EFBC}") = "API", "API\API.csproj", "{E82397B7-04E9-4F20-A72B-606AC5B2B1D8}"
EndProject
Project("{FAE04EC0-301F-11D3-BF4B-00C04F79EFBC}") = "Core", "Core\Core.csproj", "{D6F15371-EA7A-4925-8BCA-1937B8F813CB}"
EndProject
Project("{FAE04EC0-301F-11D3-BF4B-00C04F79EFBC}") = "Infrastructure", "Infrastructure\Infrastructure.csproj", "{6F3DF730-8032-450D-B4F1-34D5977C2F98}"
EndProject
Global
	GlobalSection(SolutionConfigurationPlatforms) = preSolution
		Debug|Any CPU = Debug|Any CPU
		Release|Any CPU = Release|Any CPU
	EndGlobalSection
	GlobalSection(SolutionProperties) = preSolution
		HideSolutionNode = FALSE
	EndGlobalSection
	GlobalSection(ProjectConfigurationPlatforms) = postSolution
		{E82397B7-04E9-4F20-A72B-606AC5B2B1D8}.Debug|Any CPU.ActiveCfg = Debug|Any CPU
		{E82397B7-04E9-4F20-A72B-606AC5B2B1D8}.Debug|Any CPU.Build.0 = Debug|Any CPU
		{E82397B7-04E9-4F20-A72B-606AC5B2B1D8}.Release|Any CPU.ActiveCfg = Release|Any CPU
		{E82397B7-04E9-4F20-A72B-606AC5B2B1D8}.Release|Any CPU.Build.0 = Release|Any CPU
		{D6F15371-EA7A-4925-8BCA-1937B8F813CB}.Debug|Any CPU.ActiveCfg = Debug|Any CPU
		{D6F15371-EA7A-4925-8BCA-1937B8F813CB}.Debug|Any CPU.Build.0 = Debug|Any CPU
		{D6F15371-EA7A-4925-8BCA-1937B8F813CB}.Release|Any CPU.ActiveCfg = Release|Any CPU
		{D6F15371-EA7A-4925-8BCA-1937B8F813CB}.Release|Any CPU.Build.0 = Release|Any CPU
		{6F3DF730-8032-450D-B4F1-34D5977C2F98}.Debug|Any CPU.ActiveCfg = Debug|Any CPU
		{6F3DF730-8032-450D-B4F1-34D5977C2F98}.Debug|Any CPU.Build.0 = Debug|Any CPU
		{6F3DF730-8032-450D-B4F1-34D5977C2F98}.Release|Any CPU.ActiveCfg = Release|Any CPU
		{6F3DF730-8032-450D-B4F1-34D5977C2F98}.Release|Any CPU.Build.0 = Release|Any CPU
	EndGlobalSection
EndGlobal
